
Microsoft Visual Studio Solution File, Format Version 12.00
# Visual Studio Version 16
VisualStudioVersion = 16.0.808.3
MinimumVisualStudioVersion = 10.0.40219.1
Project("{FAE04EC0-301F-11D3-BF4B-00C04F79EFBC}") = "ArtistPayments", "ArtistPayments\ArtistPayments.csproj", "{41E5C908-4E96-453D-8F9B-AD4005CD3888}"
EndProject
Global
	GlobalSection(SolutionConfigurationPlatforms) = preSolution
		Debug|Any CPU = Debug|Any CPU
		Release|Any CPU = Release|Any CPU
	EndGlobalSection
	GlobalSection(ProjectConfigurationPlatforms) = postSolution
		{41E5C908-4E96-453D-8F9B-AD4005CD3888}.Debug|Any CPU.ActiveCfg = Debug|Any CPU
		{41E5C908-4E96-453D-8F9B-AD4005CD3888}.Debug|Any CPU.Build.0 = Debug|Any CPU
		{41E5C908-4E96-453D-8F9B-AD4005CD3888}.Release|Any CPU.ActiveCfg = Release|Any CPU
		{41E5C908-4E96-453D-8F9B-AD4005CD3888}.Release|Any CPU.Build.0 = Release|Any CPU
	EndGlobalSection
	GlobalSection(SolutionProperties) = preSolution
		HideSolutionNode = FALSE
	EndGlobalSection
	GlobalSection(ExtensibilityGlobals) = postSolution
		SolutionGuid = {1655131C-C8BB-4941-8DA9-497BF7557F6C}
	EndGlobalSection
EndGlobal
